
Microsoft Visual Studio Solution File, Format Version 12.00
# Visual Studio 15
VisualStudioVersion = 15.0.27130.2027
MinimumVisualStudioVersion = 10.0.40219.1
Project("{FAE04EC0-301F-11D3-BF4B-00C04F79EFBC}") = "Division in class assignment 2", "Division in class assignment 2\Division in class assignment 2.csproj", "{CED874CF-96CC-4131-8131-EF64074DC306}"
EndProject
Global
	GlobalSection(SolutionConfigurationPlatforms) = preSolution
		Debug|Any CPU = Debug|Any CPU
		Release|Any CPU = Release|Any CPU
	EndGlobalSection
	GlobalSection(ProjectConfigurationPlatforms) = postSolution
		{CED874CF-96CC-4131-8131-EF64074DC306}.Debug|Any CPU.ActiveCfg = Debug|Any CPU
		{CED874CF-96CC-4131-8131-EF64074DC306}.Debug|Any CPU.Build.0 = Debug|Any CPU
		{CED874CF-96CC-4131-8131-EF64074DC306}.Release|Any CPU.ActiveCfg = Release|Any CPU
		{CED874CF-96CC-4131-8131-EF64074DC306}.Release|Any CPU.Build.0 = Release|Any CPU
	EndGlobalSection
	GlobalSection(SolutionProperties) = preSolution
		HideSolutionNode = FALSE
	EndGlobalSection
	GlobalSection(ExtensibilityGlobals) = postSolution
		SolutionGuid = {E7664442-CBDC-40F4-AA14-790DB9BED162}
	EndGlobalSection
EndGlobal
